
Microsoft Visual Studio Solution File, Format Version 12.00
# Visual Studio Version 16
VisualStudioVersion = 16.0.30309.148
MinimumVisualStudioVersion = 10.0.40219.1
Project("{9A19103F-16F7-4668-BE54-9A1E7A4F7556}") = "DataStructDemo", "DataStructDemo\DataStructDemo.csproj", "{C8E00C22-F51C-46E9-8D24-AA2B57A37CDE}"
EndProject
Project("{FAE04EC0-301F-11D3-BF4B-00C04F79EFBC}") = "DataStructLib", "DataStructLib\DataStructLib.csproj", "{D6E5A320-6E6E-4163-B6D5-F57073DADCE5}"
EndProject
Global
	GlobalSection(SolutionConfigurationPlatforms) = preSolution
		Debug|Any CPU = Debug|Any CPU
		Release|Any CPU = Release|Any CPU
	EndGlobalSection
	GlobalSection(ProjectConfigurationPlatforms) = postSolution
		{C8E00C22-F51C-46E9-8D24-AA2B57A37CDE}.Debug|Any CPU.ActiveCfg = Debug|Any CPU
		{C8E00C22-F51C-46E9-8D24-AA2B57A37CDE}.Debug|Any CPU.Build.0 = Debug|Any CPU
		{C8E00C22-F51C-46E9-8D24-AA2B57A37CDE}.Release|Any CPU.ActiveCfg = Release|Any CPU
		{C8E00C22-F51C-46E9-8D24-AA2B57A37CDE}.Release|Any CPU.Build.0 = Release|Any CPU
		{D6E5A320-6E6E-4163-B6D5-F57073DADCE5}.Debug|Any CPU.ActiveCfg = Debug|Any CPU
		{D6E5A320-6E6E-4163-B6D5-F57073DADCE5}.Debug|Any CPU.Build.0 = Debug|Any CPU
		{D6E5A320-6E6E-4163-B6D5-F57073DADCE5}.Release|Any CPU.ActiveCfg = Release|Any CPU
		{D6E5A320-6E6E-4163-B6D5-F57073DADCE5}.Release|Any CPU.Build.0 = Release|Any CPU
	EndGlobalSection
	GlobalSection(SolutionProperties) = preSolution
		HideSolutionNode = FALSE
	EndGlobalSection
	GlobalSection(ExtensibilityGlobals) = postSolution
		SolutionGuid = {8DABC5BA-477A-40DF-8232-78BA9E46C160}
	EndGlobalSection
EndGlobal
