
Microsoft Visual Studio Solution File, Format Version 12.00
# Visual Studio Version 16
VisualStudioVersion = 16.0.30225.117
MinimumVisualStudioVersion = 10.0.40219.1
Project("{8BC9CEB8-8B4A-11D0-8D11-00A0C91BC942}") = "01_Array", "01_Array\01_Array.vcxproj", "{B642121E-DF94-4E78-AD7D-B40E1B771D64}"
EndProject
Project("{8BC9CEB8-8B4A-11D0-8D11-00A0C91BC942}") = "02_List", "02_List\02_List.vcxproj", "{12FB6720-DDE8-465F-9824-5A887A287F7B}"
EndProject
Project("{8BC9CEB8-8B4A-11D0-8D11-00A0C91BC942}") = "03_Stack", "03_Stack\03_Stack.vcxproj", "{829F1026-3E52-43E3-A99F-A242889EFD74}"
EndProject
Project("{8BC9CEB8-8B4A-11D0-8D11-00A0C91BC942}") = "04_Queue", "04_Queue\04_Queue.vcxproj", "{34343ECD-C2E5-47A9-BF4B-D7A1C1B85B3B}"
EndProject
Project("{8BC9CEB8-8B4A-11D0-8D11-00A0C91BC942}") = "WindowDemo", "WindowDemo\WindowDemo.vcxproj", "{ECB55DF4-6BB3-4AA4-840B-A9E95C05296B}"
EndProject
Global
	GlobalSection(SolutionConfigurationPlatforms) = preSolution
		Debug|ARM = Debug|ARM
		Debug|ARM64 = Debug|ARM64
		Debug|x64 = Debug|x64
		Debug|x86 = Debug|x86
		Release|ARM = Release|ARM
		Release|ARM64 = Release|ARM64
		Release|x64 = Release|x64
		Release|x86 = Release|x86
	EndGlobalSection
	GlobalSection(ProjectConfigurationPlatforms) = postSolution
		{B642121E-DF94-4E78-AD7D-B40E1B771D64}.Debug|ARM.ActiveCfg = Debug|ARM
		{B642121E-DF94-4E78-AD7D-B40E1B771D64}.Debug|ARM.Build.0 = Debug|ARM
		{B642121E-DF94-4E78-AD7D-B40E1B771D64}.Debug|ARM.Deploy.0 = Debug|ARM
		{B642121E-DF94-4E78-AD7D-B40E1B771D64}.Debug|ARM64.ActiveCfg = Debug|ARM64
		{B642121E-DF94-4E78-AD7D-B40E1B771D64}.Debug|ARM64.Build.0 = Debug|ARM64
		{B642121E-DF94-4E78-AD7D-B40E1B771D64}.Debug|ARM64.Deploy.0 = Debug|ARM64
		{B642121E-DF94-4E78-AD7D-B40E1B771D64}.Debug|x64.ActiveCfg = Debug|x64
		{B642121E-DF94-4E78-AD7D-B40E1B771D64}.Debug|x64.Build.0 = Debug|x64
		{B642121E-DF94-4E78-AD7D-B40E1B771D64}.Debug|x64.Deploy.0 = Debug|x64
		{B642121E-DF94-4E78-AD7D-B40E1B771D64}.Debug|x86.ActiveCfg = Debug|x86
		{B642121E-DF94-4E78-AD7D-B40E1B771D64}.Debug|x86.Build.0 = Debug|x86
		{B642121E-DF94-4E78-AD7D-B40E1B771D64}.Debug|x86.Deploy.0 = Debug|x86
		{B642121E-DF94-4E78-AD7D-B40E1B771D64}.Release|ARM.ActiveCfg = Release|ARM
		{B642121E-DF94-4E78-AD7D-B40E1B771D64}.Release|ARM.Build.0 = Release|ARM
		{B642121E-DF94-4E78-AD7D-B40E1B771D64}.Release|ARM.Deploy.0 = Release|ARM
		{B642121E-DF94-4E78-AD7D-B40E1B771D64}.Release|ARM64.ActiveCfg = Release|ARM64
		{B642121E-DF94-4E78-AD7D-B40E1B771D64}.Release|ARM64.Build.0 = Release|ARM64
		{B642121E-DF94-4E78-AD7D-B40E1B771D64}.Release|ARM64.Deploy.0 = Release|ARM64
		{B642121E-DF94-4E78-AD7D-B40E1B771D64}.Release|x64.ActiveCfg = Release|x64
		{B642121E-DF94-4E78-AD7D-B40E1B771D64}.Release|x64.Build.0 = Release|x64
		{B642121E-DF94-4E78-AD7D-B40E1B771D64}.Release|x64.Deploy.0 = Release|x64
		{B642121E-DF94-4E78-AD7D-B40E1B771D64}.Release|x86.ActiveCfg = Release|x86
		{B642121E-DF94-4E78-AD7D-B40E1B771D64}.Release|x86.Build.0 = Release|x86
		{B642121E-DF94-4E78-AD7D-B40E1B771D64}.Release|x86.Deploy.0 = Release|x86
		{12FB6720-DDE8-465F-9824-5A887A287F7B}.Debug|ARM.ActiveCfg = Debug|ARM
		{12FB6720-DDE8-465F-9824-5A887A287F7B}.Debug|ARM.Build.0 = Debug|ARM
		{12FB6720-DDE8-465F-9824-5A887A287F7B}.Debug|ARM.Deploy.0 = Debug|ARM
		{12FB6720-DDE8-465F-9824-5A887A287F7B}.Debug|ARM64.ActiveCfg = Debug|ARM64
		{12FB6720-DDE8-465F-9824-5A887A287F7B}.Debug|ARM64.Build.0 = Debug|ARM64
		{12FB6720-DDE8-465F-9824-5A887A287F7B}.Debug|ARM64.Deploy.0 = Debug|ARM64
		{12FB6720-DDE8-465F-9824-5A887A287F7B}.Debug|x64.ActiveCfg = Debug|x64
		{12FB6720-DDE8-465F-9824-5A887A287F7B}.Debug|x64.Build.0 = Debug|x64
		{12FB6720-DDE8-465F-9824-5A887A287F7B}.Debug|x64.Deploy.0 = Debug|x64
		{12FB6720-DDE8-465F-9824-5A887A287F7B}.Debug|x86.ActiveCfg = Debug|x86
		{12FB6720-DDE8-465F-9824-5A887A287F7B}.Debug|x86.Build.0 = Debug|x86
		{12FB6720-DDE8-465F-9824-5A887A287F7B}.Debug|x86.Deploy.0 = Debug|x86
		{12FB6720-DDE8-465F-9824-5A887A287F7B}.Release|ARM.ActiveCfg = Release|ARM
		{12FB6720-DDE8-465F-9824-5A887A287F7B}.Release|ARM.Build.0 = Release|ARM
		{12FB6720-DDE8-465F-9824-5A887A287F7B}.Release|ARM.Deploy.0 = Release|ARM
		{12FB6720-DDE8-465F-9824-5A887A287F7B}.Release|ARM64.ActiveCfg = Release|ARM64
		{12FB6720-DDE8-465F-9824-5A887A287F7B}.Release|ARM64.Build.0 = Release|ARM64
		{12FB6720-DDE8-465F-9824-5A887A287F7B}.Release|ARM64.Deploy.0 = Release|ARM64
		{12FB6720-DDE8-465F-9824-5A887A287F7B}.Release|x64.ActiveCfg = Release|x64
		{12FB6720-DDE8-465F-9824-5A887A287F7B}.Release|x64.Build.0 = Release|x64
		{12FB6720-DDE8-465F-9824-5A887A287F7B}.Release|x64.Deploy.0 = Release|x64
		{12FB6720-DDE8-465F-9824-5A887A287F7B}.Release|x86.ActiveCfg = Release|x86
		{12FB6720-DDE8-465F-9824-5A887A287F7B}.Release|x86.Build.0 = Release|x86
		{12FB6720-DDE8-465F-9824-5A887A287F7B}.Release|x86.Deploy.0 = Release|x86
		{829F1026-3E52-43E3-A99F-A242889EFD74}.Debug|ARM.ActiveCfg = Debug|ARM
		{829F1026-3E52-43E3-A99F-A242889EFD74}.Debug|ARM.Build.0 = Debug|ARM
		{829F1026-3E52-43E3-A99F-A242889EFD74}.Debug|ARM.Deploy.0 = Debug|ARM
		{829F1026-3E52-43E3-A99F-A242889EFD74}.Debug|ARM64.ActiveCfg = Debug|ARM64
		{829F1026-3E52-43E3-A99F-A242889EFD74}.Debug|ARM64.Build.0 = Debug|ARM64
		{829F1026-3E52-43E3-A99F-A242889EFD74}.Debug|ARM64.Deploy.0 = Debug|ARM64
		{829F1026-3E52-43E3-A99F-A242889EFD74}.Debug|x64.ActiveCfg = Debug|x64
		{829F1026-3E52-43E3-A99F-A242889EFD74}.Debug|x64.Build.0 = Debug|x64
		{829F1026-3E52-43E3-A99F-A242889EFD74}.Debug|x64.Deploy.0 = Debug|x64
		{829F1026-3E52-43E3-A99F-A242889EFD74}.Debug|x86.ActiveCfg = Debug|x86
		{829F1026-3E52-43E3-A99F-A242889EFD74}.Debug|x86.Build.0 = Debug|x86
		{829F1026-3E52-43E3-A99F-A242889EFD74}.Debug|x86.Deploy.0 = Debug|x86
		{829F1026-3E52-43E3-A99F-A242889EFD74}.Release|ARM.ActiveCfg = Release|ARM
		{829F1026-3E52-43E3-A99F-A242889EFD74}.Release|ARM.Build.0 = Release|ARM
		{829F1026-3E52-43E3-A99F-A242889EFD74}.Release|ARM.Deploy.0 = Release|ARM
		{829F1026-3E52-43E3-A99F-A242889EFD74}.Release|ARM64.ActiveCfg = Release|ARM64
		{829F1026-3E52-43E3-A99F-A242889EFD74}.Release|ARM64.Build.0 = Release|ARM64
		{829F1026-3E52-43E3-A99F-A242889EFD74}.Release|ARM64.Deploy.0 = Release|ARM64
		{829F1026-3E52-43E3-A99F-A242889EFD74}.Release|x64.ActiveCfg = Release|x64
		{829F1026-3E52-43E3-A99F-A242889EFD74}.Release|x64.Build.0 = Release|x64
		{829F1026-3E52-43E3-A99F-A242889EFD74}.Release|x64.Deploy.0 = Release|x64
		{829F1026-3E52-43E3-A99F-A242889EFD74}.Release|x86.ActiveCfg = Release|x86
		{829F1026-3E52-43E3-A99F-A242889EFD74}.Release|x86.Build.0 = Release|x86
		{829F1026-3E52-43E3-A99F-A242889EFD74}.Release|x86.Deploy.0 = Release|x86
		{34343ECD-C2E5-47A9-BF4B-D7A1C1B85B3B}.Debug|ARM.ActiveCfg = Debug|ARM
		{34343ECD-C2E5-47A9-BF4B-D7A1C1B85B3B}.Debug|ARM.Build.0 = Debug|ARM
		{34343ECD-C2E5-47A9-BF4B-D7A1C1B85B3B}.Debug|ARM.Deploy.0 = Debug|ARM
		{34343ECD-C2E5-47A9-BF4B-D7A1C1B85B3B}.Debug|ARM64.ActiveCfg = Debug|ARM64
		{34343ECD-C2E5-47A9-BF4B-D7A1C1B85B3B}.Debug|ARM64.Build.0 = Debug|ARM64
		{34343ECD-C2E5-47A9-BF4B-D7A1C1B85B3B}.Debug|ARM64.Deploy.0 = Debug|ARM64
		{34343ECD-C2E5-47A9-BF4B-D7A1C1B85B3B}.Debug|x64.ActiveCfg = Debug|x64
		{34343ECD-C2E5-47A9-BF4B-D7A1C1B85B3B}.Debug|x64.Build.0 = Debug|x64
		{34343ECD-C2E5-47A9-BF4B-D7A1C1B85B3B}.Debug|x64.Deploy.0 = Debug|x64
		{34343ECD-C2E5-47A9-BF4B-D7A1C1B85B3B}.Debug|x86.ActiveCfg = Debug|x86
		{34343ECD-C2E5-47A9-BF4B-D7A1C1B85B3B}.Debug|x86.Build.0 = Debug|x86
		{34343ECD-C2E5-47A9-BF4B-D7A1C1B85B3B}.Debug|x86.Deploy.0 = Debug|x86
		{34343ECD-C2E5-47A9-BF4B-D7A1C1B85B3B}.Release|ARM.ActiveCfg = Release|ARM
		{34343ECD-C2E5-47A9-BF4B-D7A1C1B85B3B}.Release|ARM.Build.0 = Release|ARM
		{34343ECD-C2E5-47A9-BF4B-D7A1C1B85B3B}.Release|ARM.Deploy.0 = Release|ARM
		{34343ECD-C2E5-47A9-BF4B-D7A1C1B85B3B}.Release|ARM64.ActiveCfg = Release|ARM64
		{34343ECD-C2E5-47A9-BF4B-D7A1C1B85B3B}.Release|ARM64.Build.0 = Release|ARM64
		{34343ECD-C2E5-47A9-BF4B-D7A1C1B85B3B}.Release|ARM64.Deploy.0 = Release|ARM64
		{34343ECD-C2E5-47A9-BF4B-D7A1C1B85B3B}.Release|x64.ActiveCfg = Release|x64
		{34343ECD-C2E5-47A9-BF4B-D7A1C1B85B3B}.Release|x64.Build.0 = Release|x64
		{34343ECD-C2E5-47A9-BF4B-D7A1C1B85B3B}.Release|x64.Deploy.0 = Release|x64
		{34343ECD-C2E5-47A9-BF4B-D7A1C1B85B3B}.Release|x86.ActiveCfg = Release|x86
		{34343ECD-C2E5-47A9-BF4B-D7A1C1B85B3B}.Release|x86.Build.0 = Release|x86
		{34343ECD-C2E5-47A9-BF4B-D7A1C1B85B3B}.Release|x86.Deploy.0 = Release|x86
		{ECB55DF4-6BB3-4AA4-840B-A9E95C05296B}.Debug|ARM.ActiveCfg = Debug|Win32
		{ECB55DF4-6BB3-4AA4-840B-A9E95C05296B}.Debug|ARM64.ActiveCfg = Debug|Win32
		{ECB55DF4-6BB3-4AA4-840B-A9E95C05296B}.Debug|x64.ActiveCfg = Debug|x64
		{ECB55DF4-6BB3-4AA4-840B-A9E95C05296B}.Debug|x64.Build.0 = Debug|x64
		{ECB55DF4-6BB3-4AA4-840B-A9E95C05296B}.Debug|x86.ActiveCfg = Debug|Win32
		{ECB55DF4-6BB3-4AA4-840B-A9E95C05296B}.Debug|x86.Build.0 = Debug|Win32
		{ECB55DF4-6BB3-4AA4-840B-A9E95C05296B}.Release|ARM.ActiveCfg = Release|Win32
		{ECB55DF4-6BB3-4AA4-840B-A9E95C05296B}.Release|ARM64.ActiveCfg = Release|Win32
		{ECB55DF4-6BB3-4AA4-840B-A9E95C05296B}.Release|x64.ActiveCfg = Release|x64
		{ECB55DF4-6BB3-4AA4-840B-A9E95C05296B}.Release|x64.Build.0 = Release|x64
		{ECB55DF4-6BB3-4AA4-840B-A9E95C05296B}.Release|x86.ActiveCfg = Release|Win32
		{ECB55DF4-6BB3-4AA4-840B-A9E95C05296B}.Release|x86.Build.0 = Release|Win32
	EndGlobalSection
	GlobalSection(SolutionProperties) = preSolution
		HideSolutionNode = FALSE
	EndGlobalSection
	GlobalSection(ExtensibilityGlobals) = postSolution
		SolutionGuid = {D3A39F17-FADC-4E3E-A7CE-81178CD29D13}
	EndGlobalSection
EndGlobal
